
Microsoft Visual Studio Solution File, Format Version 12.00
# Visual Studio Version 16
VisualStudioVersion = 16.0.32106.194
MinimumVisualStudioVersion = 10.0.40219.1
Project("{FAE04EC0-301F-11D3-BF4B-00C04F79EFBC}") = "VLC-SyncMultiVideoViewer", "VLC-SyncMultiVideoViewer\VLC-SyncMultiVideoViewer.csproj", "{13C16EA3-40CC-4FAB-A065-DCE81C804C72}"
EndProject
Global
	GlobalSection(SolutionConfigurationPlatforms) = preSolution
		Debug|Any CPU = Debug|Any CPU
		Release|Any CPU = Release|Any CPU
	EndGlobalSection
	GlobalSection(ProjectConfigurationPlatforms) = postSolution
		{13C16EA3-40CC-4FAB-A065-DCE81C804C72}.Debug|Any CPU.ActiveCfg = Debug|Any CPU
		{13C16EA3-40CC-4FAB-A065-DCE81C804C72}.Debug|Any CPU.Build.0 = Debug|Any CPU
		{13C16EA3-40CC-4FAB-A065-DCE81C804C72}.Release|Any CPU.ActiveCfg = Release|Any CPU
		{13C16EA3-40CC-4FAB-A065-DCE81C804C72}.Release|Any CPU.Build.0 = Release|Any CPU
	EndGlobalSection
	GlobalSection(SolutionProperties) = preSolution
		HideSolutionNode = FALSE
	EndGlobalSection
	GlobalSection(ExtensibilityGlobals) = postSolution
		SolutionGuid = {F30B943A-027C-407C-B9DC-2438311857CF}
	EndGlobalSection
EndGlobal
